
Microsoft Visual Studio Solution File, Format Version 12.00
# Visual Studio Version 17
VisualStudioVersion = 17.10.34928.147
MinimumVisualStudioVersion = 10.0.40219.1
Project("{FAE04EC0-301F-11D3-BF4B-00C04F79EFBC}") = "api", "api.csproj", "{CFEA3970-3699-4239-9C91-ED939994E1CB}"
EndProject
Global
	GlobalSection(SolutionConfigurationPlatforms) = preSolution
		Debug|Any CPU = Debug|Any CPU
		Release|Any CPU = Release|Any CPU
	EndGlobalSection
	GlobalSection(ProjectConfigurationPlatforms) = postSolution
		{CFEA3970-3699-4239-9C91-ED939994E1CB}.Debug|Any CPU.ActiveCfg = Debug|Any CPU
		{CFEA3970-3699-4239-9C91-ED939994E1CB}.Debug|Any CPU.Build.0 = Debug|Any CPU
		{CFEA3970-3699-4239-9C91-ED939994E1CB}.Release|Any CPU.ActiveCfg = Release|Any CPU
		{CFEA3970-3699-4239-9C91-ED939994E1CB}.Release|Any CPU.Build.0 = Release|Any CPU
	EndGlobalSection
	GlobalSection(SolutionProperties) = preSolution
		HideSolutionNode = FALSE
	EndGlobalSection
	GlobalSection(ExtensibilityGlobals) = postSolution
		SolutionGuid = {F18902F9-224F-4A73-83BE-5C4BD10EF6D3}
	EndGlobalSection
EndGlobal
